
Microsoft Visual Studio Solution File, Format Version 12.00
# Visual Studio Version 16
VisualStudioVersion = 16.0.31727.386
MinimumVisualStudioVersion = 10.0.40219.1
Project("{FAE04EC0-301F-11D3-BF4B-00C04F79EFBC}") = "ProjetoGallis", "ProjetoGallis\ProjetoGallis.csproj", "{1E6F6AF5-8D7B-41BC-A861-368A1D4061EA}"
EndProject
Global
	GlobalSection(SolutionConfigurationPlatforms) = preSolution
		Debug|Any CPU = Debug|Any CPU
		Release|Any CPU = Release|Any CPU
	EndGlobalSection
	GlobalSection(ProjectConfigurationPlatforms) = postSolution
		{1E6F6AF5-8D7B-41BC-A861-368A1D4061EA}.Debug|Any CPU.ActiveCfg = Debug|Any CPU
		{1E6F6AF5-8D7B-41BC-A861-368A1D4061EA}.Debug|Any CPU.Build.0 = Debug|Any CPU
		{1E6F6AF5-8D7B-41BC-A861-368A1D4061EA}.Release|Any CPU.ActiveCfg = Release|Any CPU
		{1E6F6AF5-8D7B-41BC-A861-368A1D4061EA}.Release|Any CPU.Build.0 = Release|Any CPU
	EndGlobalSection
	GlobalSection(SolutionProperties) = preSolution
		HideSolutionNode = FALSE
	EndGlobalSection
	GlobalSection(ExtensibilityGlobals) = postSolution
		SolutionGuid = {764F450C-7DF1-437B-9EAB-073B735E0A1A}
	EndGlobalSection
EndGlobal
